# THIS IS AN AUTOGENERATED FILE. DO NOT EDIT THIS FILE DIRECTLY.
# yarn lockfile v1


"@client-side-validations/client-side-validations@^0.3.0":
  version "0.3.0"
  resolved "https://registry.yarnpkg.com/@client-side-validations/client-side-validations/-/client-side-validations-0.3.0.tgz#0cdfe1ddd3e4388c38a48efde1aa70d3e646c28d"
  integrity sha512-UVCpiqU8YDO/jPkNFEzyDpyCatoMZfo43RrzATFe4JERnirONODuFqdaN6y5CfjeaxU5sMjLIdpcensR1zhLCA==
